
Microsoft Visual Studio Solution File, Format Version 12.00
# Visual Studio Version 16
VisualStudioVersion = 16.0.29006.145
MinimumVisualStudioVersion = 15.0.26124.0
Project("{2150E333-8FDC-42A3-9474-1A3956D46DE8}") = "Components", "Components", "{FB8E8EFB-9ADE-4A29-AD73-B3C192FBADDA}"
EndProject
Project("{9A19103F-16F7-4668-BE54-9A1E7A4F7556}") = "AntDesign.Button", "src\AntDesign.Button\AntDesign.Button.csproj", "{89B53511-B9B9-4272-AAC0-644125CF6842}"
EndProject
Project("{9A19103F-16F7-4668-BE54-9A1E7A4F7556}") = "AntDesign.Web", "test\AntDesign.Web\AntDesign.Web.csproj", "{8742CA56-E396-4E11-8D4B-145CDB2FB871}"
EndProject
Project("{9A19103F-16F7-4668-BE54-9A1E7A4F7556}") = "AntDesign.BaseComponent", "src\AntDesign.BaseComponent\AntDesign.BaseComponent.csproj", "{9F5D7982-BF09-4F77-8019-72BA054FE15A}"
EndProject
Project("{9A19103F-16F7-4668-BE54-9A1E7A4F7556}") = "AntDesign.Icon", "src\AntDesign.Icon\AntDesign.Icon.csproj", "{65F23CD5-BCDA-4581-896C-996087A61C58}"
EndProject
Project("{9A19103F-16F7-4668-BE54-9A1E7A4F7556}") = "AntDesign.Divider", "src\AntDesign.Divider\AntDesign.Divider.csproj", "{FF6CB133-CD48-4A4B-87C6-772344841913}"
EndProject
Project("{9A19103F-16F7-4668-BE54-9A1E7A4F7556}") = "AntDesign.Typography", "src\AntDesign.Typography\AntDesign.Typography.csproj", "{0A45B38C-7548-437F-B7D5-210573D0D616}"
EndProject
Project("{9A19103F-16F7-4668-BE54-9A1E7A4F7556}") = "AntDesign.Grid", "src\AntDesign.Grid\AntDesign.Grid.csproj", "{EDC2FEDE-C988-45EB-9E4E-DF34D472CD36}"
EndProject
Project("{9A19103F-16F7-4668-BE54-9A1E7A4F7556}") = "AntDesign.Layout", "src\AntDesign.Layout\AntDesign.Layout.csproj", "{340B7D13-00E6-43A7-A70D-4AE5D06C59CC}"
EndProject
Global
	GlobalSection(SolutionConfigurationPlatforms) = preSolution
		Debug|Any CPU = Debug|Any CPU
		Release|Any CPU = Release|Any CPU
	EndGlobalSection
	GlobalSection(ProjectConfigurationPlatforms) = postSolution
		{89B53511-B9B9-4272-AAC0-644125CF6842}.Debug|Any CPU.ActiveCfg = Debug|Any CPU
		{89B53511-B9B9-4272-AAC0-644125CF6842}.Debug|Any CPU.Build.0 = Debug|Any CPU
		{89B53511-B9B9-4272-AAC0-644125CF6842}.Release|Any CPU.ActiveCfg = Release|Any CPU
		{89B53511-B9B9-4272-AAC0-644125CF6842}.Release|Any CPU.Build.0 = Release|Any CPU
		{8742CA56-E396-4E11-8D4B-145CDB2FB871}.Debug|Any CPU.ActiveCfg = Debug|Any CPU
		{8742CA56-E396-4E11-8D4B-145CDB2FB871}.Debug|Any CPU.Build.0 = Debug|Any CPU
		{8742CA56-E396-4E11-8D4B-145CDB2FB871}.Release|Any CPU.ActiveCfg = Release|Any CPU
		{8742CA56-E396-4E11-8D4B-145CDB2FB871}.Release|Any CPU.Build.0 = Release|Any CPU
		{9F5D7982-BF09-4F77-8019-72BA054FE15A}.Debug|Any CPU.ActiveCfg = Debug|Any CPU
		{9F5D7982-BF09-4F77-8019-72BA054FE15A}.Debug|Any CPU.Build.0 = Debug|Any CPU
		{9F5D7982-BF09-4F77-8019-72BA054FE15A}.Release|Any CPU.ActiveCfg = Release|Any CPU
		{9F5D7982-BF09-4F77-8019-72BA054FE15A}.Release|Any CPU.Build.0 = Release|Any CPU
		{65F23CD5-BCDA-4581-896C-996087A61C58}.Debug|Any CPU.ActiveCfg = Debug|Any CPU
		{65F23CD5-BCDA-4581-896C-996087A61C58}.Debug|Any CPU.Build.0 = Debug|Any CPU
		{65F23CD5-BCDA-4581-896C-996087A61C58}.Release|Any CPU.ActiveCfg = Release|Any CPU
		{65F23CD5-BCDA-4581-896C-996087A61C58}.Release|Any CPU.Build.0 = Release|Any CPU
		{FF6CB133-CD48-4A4B-87C6-772344841913}.Debug|Any CPU.ActiveCfg = Debug|Any CPU
		{FF6CB133-CD48-4A4B-87C6-772344841913}.Debug|Any CPU.Build.0 = Debug|Any CPU
		{FF6CB133-CD48-4A4B-87C6-772344841913}.Release|Any CPU.ActiveCfg = Release|Any CPU
		{FF6CB133-CD48-4A4B-87C6-772344841913}.Release|Any CPU.Build.0 = Release|Any CPU
		{0A45B38C-7548-437F-B7D5-210573D0D616}.Debug|Any CPU.ActiveCfg = Debug|Any CPU
		{0A45B38C-7548-437F-B7D5-210573D0D616}.Debug|Any CPU.Build.0 = Debug|Any CPU
		{0A45B38C-7548-437F-B7D5-210573D0D616}.Release|Any CPU.ActiveCfg = Release|Any CPU
		{0A45B38C-7548-437F-B7D5-210573D0D616}.Release|Any CPU.Build.0 = Release|Any CPU
		{EDC2FEDE-C988-45EB-9E4E-DF34D472CD36}.Debug|Any CPU.ActiveCfg = Debug|Any CPU
		{EDC2FEDE-C988-45EB-9E4E-DF34D472CD36}.Debug|Any CPU.Build.0 = Debug|Any CPU
		{EDC2FEDE-C988-45EB-9E4E-DF34D472CD36}.Release|Any CPU.ActiveCfg = Release|Any CPU
		{EDC2FEDE-C988-45EB-9E4E-DF34D472CD36}.Release|Any CPU.Build.0 = Release|Any CPU
		{340B7D13-00E6-43A7-A70D-4AE5D06C59CC}.Debug|Any CPU.ActiveCfg = Debug|Any CPU
		{340B7D13-00E6-43A7-A70D-4AE5D06C59CC}.Debug|Any CPU.Build.0 = Debug|Any CPU
		{340B7D13-00E6-43A7-A70D-4AE5D06C59CC}.Release|Any CPU.ActiveCfg = Release|Any CPU
		{340B7D13-00E6-43A7-A70D-4AE5D06C59CC}.Release|Any CPU.Build.0 = Release|Any CPU
	EndGlobalSection
	GlobalSection(SolutionProperties) = preSolution
		HideSolutionNode = FALSE
	EndGlobalSection
	GlobalSection(NestedProjects) = preSolution
		{89B53511-B9B9-4272-AAC0-644125CF6842} = {FB8E8EFB-9ADE-4A29-AD73-B3C192FBADDA}
		{9F5D7982-BF09-4F77-8019-72BA054FE15A} = {FB8E8EFB-9ADE-4A29-AD73-B3C192FBADDA}
		{65F23CD5-BCDA-4581-896C-996087A61C58} = {FB8E8EFB-9ADE-4A29-AD73-B3C192FBADDA}
		{FF6CB133-CD48-4A4B-87C6-772344841913} = {FB8E8EFB-9ADE-4A29-AD73-B3C192FBADDA}
		{0A45B38C-7548-437F-B7D5-210573D0D616} = {FB8E8EFB-9ADE-4A29-AD73-B3C192FBADDA}
		{EDC2FEDE-C988-45EB-9E4E-DF34D472CD36} = {FB8E8EFB-9ADE-4A29-AD73-B3C192FBADDA}
		{340B7D13-00E6-43A7-A70D-4AE5D06C59CC} = {FB8E8EFB-9ADE-4A29-AD73-B3C192FBADDA}
	EndGlobalSection
	GlobalSection(ExtensibilityGlobals) = postSolution
		SolutionGuid = {B146E6E0-1C74-4F53-A874-D35B3DF09C6A}
	EndGlobalSection
EndGlobal
